
Microsoft Visual Studio Solution File, Format Version 12.00
# Visual Studio Version 17
VisualStudioVersion = 17.12.35728.132
MinimumVisualStudioVersion = 10.0.40219.1
Project("{FAE04EC0-301F-11D3-BF4B-00C04F79EFBC}") = "SvnExporter.Lib", "SvnExporter\SvnExporter.Lib.csproj", "{91E0144F-89B0-409F-BCC5-F8D2DB1E349A}"
EndProject
Project("{FAE04EC0-301F-11D3-BF4B-00C04F79EFBC}") = "SvnExporterDemo", "SvnClientExample\SvnExporterDemo.csproj", "{D608407F-E69C-4851-9BD6-CB5499DB8591}"
EndProject
Global
	GlobalSection(SolutionConfigurationPlatforms) = preSolution
		Debug|Any CPU = Debug|Any CPU
		Release|Any CPU = Release|Any CPU
	EndGlobalSection
	GlobalSection(ProjectConfigurationPlatforms) = postSolution
		{91E0144F-89B0-409F-BCC5-F8D2DB1E349A}.Debug|Any CPU.ActiveCfg = Debug|Any CPU
		{91E0144F-89B0-409F-BCC5-F8D2DB1E349A}.Debug|Any CPU.Build.0 = Debug|Any CPU
		{91E0144F-89B0-409F-BCC5-F8D2DB1E349A}.Release|Any CPU.ActiveCfg = Release|Any CPU
		{91E0144F-89B0-409F-BCC5-F8D2DB1E349A}.Release|Any CPU.Build.0 = Release|Any CPU
		{D608407F-E69C-4851-9BD6-CB5499DB8591}.Debug|Any CPU.ActiveCfg = Debug|Any CPU
		{D608407F-E69C-4851-9BD6-CB5499DB8591}.Debug|Any CPU.Build.0 = Debug|Any CPU
		{D608407F-E69C-4851-9BD6-CB5499DB8591}.Release|Any CPU.ActiveCfg = Release|Any CPU
		{D608407F-E69C-4851-9BD6-CB5499DB8591}.Release|Any CPU.Build.0 = Release|Any CPU
	EndGlobalSection
	GlobalSection(SolutionProperties) = preSolution
		HideSolutionNode = FALSE
	EndGlobalSection
EndGlobal
